
Microsoft Visual Studio Solution File, Format Version 12.00
# Visual Studio 15
VisualStudioVersion = 15.0.28307.645
MinimumVisualStudioVersion = 10.0.40219.1
Project("{FAE04EC0-301F-11D3-BF4B-00C04F79EFBC}") = "Task1", "Task1\Task1.csproj", "{D33C6414-351D-44AD-BDC9-9A363B9FA728}"
EndProject
Project("{FAE04EC0-301F-11D3-BF4B-00C04F79EFBC}") = "UnitTests", "UnitTests\UnitTests.csproj", "{BF4071C0-51CD-47C8-B505-8E127B50E46D}"
	ProjectSection(ProjectDependencies) = postProject
		{D33C6414-351D-44AD-BDC9-9A363B9FA728} = {D33C6414-351D-44AD-BDC9-9A363B9FA728}
	EndProjectSection
EndProject
Global
	GlobalSection(SolutionConfigurationPlatforms) = preSolution
		Debug|Any CPU = Debug|Any CPU
		Release|Any CPU = Release|Any CPU
	EndGlobalSection
	GlobalSection(ProjectConfigurationPlatforms) = postSolution
		{D33C6414-351D-44AD-BDC9-9A363B9FA728}.Debug|Any CPU.ActiveCfg = Debug|Any CPU
		{D33C6414-351D-44AD-BDC9-9A363B9FA728}.Debug|Any CPU.Build.0 = Debug|Any CPU
		{D33C6414-351D-44AD-BDC9-9A363B9FA728}.Release|Any CPU.ActiveCfg = Release|Any CPU
		{D33C6414-351D-44AD-BDC9-9A363B9FA728}.Release|Any CPU.Build.0 = Release|Any CPU
		{BF4071C0-51CD-47C8-B505-8E127B50E46D}.Debug|Any CPU.ActiveCfg = Debug|Any CPU
		{BF4071C0-51CD-47C8-B505-8E127B50E46D}.Debug|Any CPU.Build.0 = Debug|Any CPU
		{BF4071C0-51CD-47C8-B505-8E127B50E46D}.Release|Any CPU.ActiveCfg = Release|Any CPU
		{BF4071C0-51CD-47C8-B505-8E127B50E46D}.Release|Any CPU.Build.0 = Release|Any CPU
	EndGlobalSection
	GlobalSection(SolutionProperties) = preSolution
		HideSolutionNode = FALSE
	EndGlobalSection
	GlobalSection(ExtensibilityGlobals) = postSolution
		SolutionGuid = {CC4FA071-F2A7-4A1D-A3F5-FB485D275FAF}
	EndGlobalSection
EndGlobal
